
Microsoft Visual Studio Solution File, Format Version 12.00
# Visual Studio Version 16
VisualStudioVersion = 16.0.31515.178
MinimumVisualStudioVersion = 10.0.40219.1
Project("{FAE04EC0-301F-11D3-BF4B-00C04F79EFBC}") = "Fundacion", "Fundacion.csproj", "{1E50E7CE-64B3-4551-995B-F78FC1A4334A}"
EndProject
Global
	GlobalSection(SolutionConfigurationPlatforms) = preSolution
		Debug|Any CPU = Debug|Any CPU
		Release|Any CPU = Release|Any CPU
	EndGlobalSection
	GlobalSection(ProjectConfigurationPlatforms) = postSolution
		{1E50E7CE-64B3-4551-995B-F78FC1A4334A}.Debug|Any CPU.ActiveCfg = Debug|Any CPU
		{1E50E7CE-64B3-4551-995B-F78FC1A4334A}.Debug|Any CPU.Build.0 = Debug|Any CPU
		{1E50E7CE-64B3-4551-995B-F78FC1A4334A}.Release|Any CPU.ActiveCfg = Release|Any CPU
		{1E50E7CE-64B3-4551-995B-F78FC1A4334A}.Release|Any CPU.Build.0 = Release|Any CPU
	EndGlobalSection
	GlobalSection(SolutionProperties) = preSolution
		HideSolutionNode = FALSE
	EndGlobalSection
	GlobalSection(ExtensibilityGlobals) = postSolution
		SolutionGuid = {50270EF2-62CE-4499-9FF5-E6C3BC71337A}
	EndGlobalSection
EndGlobal
